Microsoft Visual Studio Solution File, Format Version 11.00
# Visual Studio 2008

Project("{D67C7A5C-67E6-CFB0-32CC-FD2507BACBBD}") = "Test2DDungeon", "Assembly-CSharp.csproj", "{5C849827-D45D-BC19-053D-18A363F4EC1F}"
EndProject
Global
	GlobalSection(SolutionConfigurationPlatforms) = preSolution
		Debug|Any CPU = Debug|Any CPU
		Release|Any CPU = Release|Any CPU
	EndGlobalSection
	GlobalSection(ProjectConfigurationPlatforms) = postSolution
		{5C849827-D45D-BC19-053D-18A363F4EC1F}.Debug|Any CPU.ActiveCfg = Debug|Any CPU
		{5C849827-D45D-BC19-053D-18A363F4EC1F}.Debug|Any CPU.Build.0 = Debug|Any CPU
		{5C849827-D45D-BC19-053D-18A363F4EC1F}.Release|Any CPU.ActiveCfg = Release|Any CPU
		{5C849827-D45D-BC19-053D-18A363F4EC1F}.Release|Any CPU.Build.0 = Release|Any CPU
	EndGlobalSection
	GlobalSection(SolutionProperties) = preSolution
		HideSolutionNode = FALSE
	EndGlobalSection
	GlobalSection(MonoDevelopProperties) = preSolution
		StartupItem = Assembly-CSharp.csproj
	EndGlobalSection
EndGlobal
